
Microsoft Visual Studio Solution File, Format Version 12.00
# Visual Studio Version 17
VisualStudioVersion = 17.7.34024.191
MinimumVisualStudioVersion = 10.0.40219.1
Project("{FAE04EC0-301F-11D3-BF4B-00C04F79EFBC}") = "Uppgift 5.1 C-A", "Uppgift 5.1 C-A\Uppgift 5.1 C-A.csproj", "{FBA84953-78E5-41D4-90A9-11D267D0D932}"
EndProject
Global
	GlobalSection(SolutionConfigurationPlatforms) = preSolution
		Debug|Any CPU = Debug|Any CPU
		Release|Any CPU = Release|Any CPU
	EndGlobalSection
	GlobalSection(ProjectConfigurationPlatforms) = postSolution
		{FBA84953-78E5-41D4-90A9-11D267D0D932}.Debug|Any CPU.ActiveCfg = Debug|Any CPU
		{FBA84953-78E5-41D4-90A9-11D267D0D932}.Debug|Any CPU.Build.0 = Debug|Any CPU
		{FBA84953-78E5-41D4-90A9-11D267D0D932}.Release|Any CPU.ActiveCfg = Release|Any CPU
		{FBA84953-78E5-41D4-90A9-11D267D0D932}.Release|Any CPU.Build.0 = Release|Any CPU
	EndGlobalSection
	GlobalSection(SolutionProperties) = preSolution
		HideSolutionNode = FALSE
	EndGlobalSection
	GlobalSection(ExtensibilityGlobals) = postSolution
		SolutionGuid = {67B25478-92FA-4E50-98DB-8B1D66468BF3}
	EndGlobalSection
EndGlobal
